
Microsoft Visual Studio Solution File, Format Version 12.00
# Visual Studio 2015
Project("{FAE04EC0-301F-11D3-BF4B-00C04F79EFBC}") = "LielaisPraktiskais_Vitols.Plugins", "LielaisPraktiskais_Vitols.Plugins.csproj", "{2A9B89F0-6B96-E5EE-4397-8D55A4CD020D}"
EndProject
Project("{FAE04EC0-301F-11D3-BF4B-00C04F79EFBC}") = "LielaisPraktiskais_Vitols", "LielaisPraktiskais_Vitols.csproj", "{B25F28D4-4BD5-E295-D893-AE8A9458E6ED}"
EndProject
Project("{FAE04EC0-301F-11D3-BF4B-00C04F79EFBC}") = "LielaisPraktiskais_Vitols.Editor.Plugins", "LielaisPraktiskais_Vitols.Editor.Plugins.csproj", "{5026C64F-3594-404B-D4EC-0C9233A6E41A}"
EndProject
Global
	GlobalSection(SolutionConfigurationPlatforms) = preSolution
		Debug|Any CPU = Debug|Any CPU
		Release|Any CPU = Release|Any CPU
	EndGlobalSection
	GlobalSection(ProjectConfigurationPlatforms) = postSolution
		{2A9B89F0-6B96-E5EE-4397-8D55A4CD020D}.Debug|Any CPU.ActiveCfg = Debug|Any CPU
		{2A9B89F0-6B96-E5EE-4397-8D55A4CD020D}.Debug|Any CPU.Build.0 = Debug|Any CPU
		{2A9B89F0-6B96-E5EE-4397-8D55A4CD020D}.Release|Any CPU.ActiveCfg = Release|Any CPU
		{2A9B89F0-6B96-E5EE-4397-8D55A4CD020D}.Release|Any CPU.Build.0 = Release|Any CPU
		{B25F28D4-4BD5-E295-D893-AE8A9458E6ED}.Debug|Any CPU.ActiveCfg = Debug|Any CPU
		{B25F28D4-4BD5-E295-D893-AE8A9458E6ED}.Debug|Any CPU.Build.0 = Debug|Any CPU
		{B25F28D4-4BD5-E295-D893-AE8A9458E6ED}.Release|Any CPU.ActiveCfg = Release|Any CPU
		{B25F28D4-4BD5-E295-D893-AE8A9458E6ED}.Release|Any CPU.Build.0 = Release|Any CPU
		{5026C64F-3594-404B-D4EC-0C9233A6E41A}.Debug|Any CPU.ActiveCfg = Debug|Any CPU
		{5026C64F-3594-404B-D4EC-0C9233A6E41A}.Debug|Any CPU.Build.0 = Debug|Any CPU
		{5026C64F-3594-404B-D4EC-0C9233A6E41A}.Release|Any CPU.ActiveCfg = Release|Any CPU
		{5026C64F-3594-404B-D4EC-0C9233A6E41A}.Release|Any CPU.Build.0 = Release|Any CPU
	EndGlobalSection
	GlobalSection(SolutionProperties) = preSolution
		HideSolutionNode = FALSE
	EndGlobalSection
EndGlobal
